
Microsoft Visual Studio Solution File, Format Version 12.00
# Visual Studio 15
VisualStudioVersion = 15.0.26228.4
MinimumVisualStudioVersion = 10.0.40219.1
Project("{F5034706-568F-408A-B7B3-4D38C6DB8A32}") = "API-2018.2-ScriptEditor", "API-2018-ScriptEditor\API-2018.2-ScriptEditor.pssproj", "{8393663C-7089-43FB-96B6-DD957726E6A4}"
EndProject
Project("{F5034706-568F-408A-B7B3-4D38C6DB8A32}") = "API-2019-ScriptEditor", "API-2019-ScriptEditor\API-2019-ScriptEditor.pssproj", "{9A32786D-0115-490F-B53E-8C943FD73644}"
EndProject
Project("{F5034706-568F-408A-B7B3-4D38C6DB8A32}") = "VDS_SnippetsAndTemplates", "VDS_SnippetsAndTemplates\VDS_SnippetsAndTemplates.pssproj", "{6CAFC0C6-A428-4D30-A9F9-700E829FEA51}"
EndProject
Project("{2150E333-8FDC-42A3-9474-1A3956D46DE8}") = "_README ETC.", "_README ETC.", "{F4A0592A-F834-4152-8E3E-77031E02F8E0}"
	ProjectSection(SolutionItems) = preProject
		Autodesk Vault Data Standard - VDS-ConfigurationEditor.pptx = Autodesk Vault Data Standard - VDS-ConfigurationEditor.pptx
		Disclaimer.txt = Disclaimer.txt
		README.md = README.md
		VDS-2018-ConfigEditor.zip = VDS-2018-ConfigEditor.zip
		VDS-2019-ConfigEditor.zip = VDS-2019-ConfigEditor.zip
	EndProjectSection
EndProject
Project("{FAE04EC0-301F-11D3-BF4B-00C04F79EFBC}") = "VDS-2018.1-ConfigLinks-Quickstart", "VDS-2018.1-ConfigLinks-Quickstart\VDS-2018.1-ConfigLinks-Quickstart.csproj", "{0CB518B3-9D28-4F76-B5DC-BABC698D8C74}"
EndProject
Project("{FAE04EC0-301F-11D3-BF4B-00C04F79EFBC}") = "VDS-2018.1-ConfigEditor", "VDS-2018.1-ConfigEditor\VDS-2018.1-ConfigEditor.csproj", "{2C03946D-2767-42D7-BF04-FCEF8EE89B75}"
EndProject
Project("{FAE04EC0-301F-11D3-BF4B-00C04F79EFBC}") = "VDS-2019-ConfigEditor", "VDS-2019-ConfigEditor\VDS-2019-ConfigEditor.csproj", "{CD6EF509-0150-426A-B350-5777D7D23CC9}"
EndProject
Project("{FAE04EC0-301F-11D3-BF4B-00C04F79EFBC}") = "VDS-2019-ConfigLinks-Quickstart", "VDS-2019-ConfigLinks-Quickstart\VDS-2019-ConfigLinks-Quickstart.csproj", "{43FE4BDE-2C3D-42AA-9AE8-2027FA7D411A}"
EndProject
Project("{FAE04EC0-301F-11D3-BF4B-00C04F79EFBC}") = "VDS-2019-ConfigLinks-OTX-Configuration", "VDS-2019-ConfigLinks-OTX-Configuration\VDS-2019-ConfigLinks-OTX-Configuration.csproj", "{8539A74F-126A-4DDD-AE3B-551F99D7BD16}"
EndProject
Global
	GlobalSection(SolutionConfigurationPlatforms) = preSolution
		Debug|Any CPU = Debug|Any CPU
		Debug|x64 = Debug|x64
		Release|Any CPU = Release|Any CPU
		Release|x64 = Release|x64
		WiP|Any CPU = WiP|Any CPU
		WiP|x64 = WiP|x64
	EndGlobalSection
	GlobalSection(ProjectConfigurationPlatforms) = postSolution
		{8393663C-7089-43FB-96B6-DD957726E6A4}.Debug|Any CPU.ActiveCfg = Debug|Any CPU
		{8393663C-7089-43FB-96B6-DD957726E6A4}.Debug|Any CPU.Build.0 = Debug|Any CPU
		{8393663C-7089-43FB-96B6-DD957726E6A4}.Debug|x64.ActiveCfg = Debug|Any CPU
		{8393663C-7089-43FB-96B6-DD957726E6A4}.Debug|x64.Build.0 = Debug|Any CPU
		{8393663C-7089-43FB-96B6-DD957726E6A4}.Release|Any CPU.ActiveCfg = Release|Any CPU
		{8393663C-7089-43FB-96B6-DD957726E6A4}.Release|Any CPU.Build.0 = Release|Any CPU
		{8393663C-7089-43FB-96B6-DD957726E6A4}.Release|x64.ActiveCfg = Release|Any CPU
		{8393663C-7089-43FB-96B6-DD957726E6A4}.Release|x64.Build.0 = Release|Any CPU
		{8393663C-7089-43FB-96B6-DD957726E6A4}.WiP|Any CPU.ActiveCfg = Release|Any CPU
		{8393663C-7089-43FB-96B6-DD957726E6A4}.WiP|Any CPU.Build.0 = Release|Any CPU
		{8393663C-7089-43FB-96B6-DD957726E6A4}.WiP|x64.ActiveCfg = Release|Any CPU
		{8393663C-7089-43FB-96B6-DD957726E6A4}.WiP|x64.Build.0 = Release|Any CPU
		{9A32786D-0115-490F-B53E-8C943FD73644}.Debug|Any CPU.ActiveCfg = Debug|Any CPU
		{9A32786D-0115-490F-B53E-8C943FD73644}.Debug|Any CPU.Build.0 = Debug|Any CPU
		{9A32786D-0115-490F-B53E-8C943FD73644}.Debug|x64.ActiveCfg = Debug|Any CPU
		{9A32786D-0115-490F-B53E-8C943FD73644}.Debug|x64.Build.0 = Debug|Any CPU
		{9A32786D-0115-490F-B53E-8C943FD73644}.Release|Any CPU.ActiveCfg = Release|Any CPU
		{9A32786D-0115-490F-B53E-8C943FD73644}.Release|Any CPU.Build.0 = Release|Any CPU
		{9A32786D-0115-490F-B53E-8C943FD73644}.Release|x64.ActiveCfg = Release|Any CPU
		{9A32786D-0115-490F-B53E-8C943FD73644}.Release|x64.Build.0 = Release|Any CPU
		{9A32786D-0115-490F-B53E-8C943FD73644}.WiP|Any CPU.ActiveCfg = Release|Any CPU
		{9A32786D-0115-490F-B53E-8C943FD73644}.WiP|Any CPU.Build.0 = Release|Any CPU
		{9A32786D-0115-490F-B53E-8C943FD73644}.WiP|x64.ActiveCfg = Release|Any CPU
		{9A32786D-0115-490F-B53E-8C943FD73644}.WiP|x64.Build.0 = Release|Any CPU
		{6CAFC0C6-A428-4D30-A9F9-700E829FEA51}.Debug|Any CPU.ActiveCfg = Debug|Any CPU
		{6CAFC0C6-A428-4D30-A9F9-700E829FEA51}.Debug|Any CPU.Build.0 = Debug|Any CPU
		{6CAFC0C6-A428-4D30-A9F9-700E829FEA51}.Debug|x64.ActiveCfg = Debug|Any CPU
		{6CAFC0C6-A428-4D30-A9F9-700E829FEA51}.Debug|x64.Build.0 = Debug|Any CPU
		{6CAFC0C6-A428-4D30-A9F9-700E829FEA51}.Release|Any CPU.ActiveCfg = Release|Any CPU
		{6CAFC0C6-A428-4D30-A9F9-700E829FEA51}.Release|Any CPU.Build.0 = Release|Any CPU
		{6CAFC0C6-A428-4D30-A9F9-700E829FEA51}.Release|x64.ActiveCfg = Release|Any CPU
		{6CAFC0C6-A428-4D30-A9F9-700E829FEA51}.Release|x64.Build.0 = Release|Any CPU
		{6CAFC0C6-A428-4D30-A9F9-700E829FEA51}.WiP|Any CPU.ActiveCfg = Release|Any CPU
		{6CAFC0C6-A428-4D30-A9F9-700E829FEA51}.WiP|Any CPU.Build.0 = Release|Any CPU
		{6CAFC0C6-A428-4D30-A9F9-700E829FEA51}.WiP|x64.ActiveCfg = Release|Any CPU
		{6CAFC0C6-A428-4D30-A9F9-700E829FEA51}.WiP|x64.Build.0 = Release|Any CPU
		{0CB518B3-9D28-4F76-B5DC-BABC698D8C74}.Debug|Any CPU.ActiveCfg = Debug|Any CPU
		{0CB518B3-9D28-4F76-B5DC-BABC698D8C74}.Debug|Any CPU.Build.0 = Debug|Any CPU
		{0CB518B3-9D28-4F76-B5DC-BABC698D8C74}.Debug|x64.ActiveCfg = Debug|x64
		{0CB518B3-9D28-4F76-B5DC-BABC698D8C74}.Debug|x64.Build.0 = Debug|x64
		{0CB518B3-9D28-4F76-B5DC-BABC698D8C74}.Release|Any CPU.ActiveCfg = Release|Any CPU
		{0CB518B3-9D28-4F76-B5DC-BABC698D8C74}.Release|Any CPU.Build.0 = Release|Any CPU
		{0CB518B3-9D28-4F76-B5DC-BABC698D8C74}.Release|x64.ActiveCfg = Release|x64
		{0CB518B3-9D28-4F76-B5DC-BABC698D8C74}.Release|x64.Build.0 = Release|x64
		{0CB518B3-9D28-4F76-B5DC-BABC698D8C74}.WiP|Any CPU.ActiveCfg = Release|Any CPU
		{0CB518B3-9D28-4F76-B5DC-BABC698D8C74}.WiP|Any CPU.Build.0 = Release|Any CPU
		{0CB518B3-9D28-4F76-B5DC-BABC698D8C74}.WiP|x64.ActiveCfg = Release|x64
		{0CB518B3-9D28-4F76-B5DC-BABC698D8C74}.WiP|x64.Build.0 = Release|x64
		{2C03946D-2767-42D7-BF04-FCEF8EE89B75}.Debug|Any CPU.ActiveCfg = Debug|Any CPU
		{2C03946D-2767-42D7-BF04-FCEF8EE89B75}.Debug|Any CPU.Build.0 = Debug|Any CPU
		{2C03946D-2767-42D7-BF04-FCEF8EE89B75}.Debug|x64.ActiveCfg = Debug|x64
		{2C03946D-2767-42D7-BF04-FCEF8EE89B75}.Debug|x64.Build.0 = Debug|x64
		{2C03946D-2767-42D7-BF04-FCEF8EE89B75}.Release|Any CPU.ActiveCfg = Release|Any CPU
		{2C03946D-2767-42D7-BF04-FCEF8EE89B75}.Release|Any CPU.Build.0 = Release|Any CPU
		{2C03946D-2767-42D7-BF04-FCEF8EE89B75}.Release|x64.ActiveCfg = Release|x64
		{2C03946D-2767-42D7-BF04-FCEF8EE89B75}.Release|x64.Build.0 = Release|x64
		{2C03946D-2767-42D7-BF04-FCEF8EE89B75}.WiP|Any CPU.ActiveCfg = Release|Any CPU
		{2C03946D-2767-42D7-BF04-FCEF8EE89B75}.WiP|Any CPU.Build.0 = Release|Any CPU
		{2C03946D-2767-42D7-BF04-FCEF8EE89B75}.WiP|x64.ActiveCfg = Release|x64
		{2C03946D-2767-42D7-BF04-FCEF8EE89B75}.WiP|x64.Build.0 = Release|x64
		{CD6EF509-0150-426A-B350-5777D7D23CC9}.Debug|Any CPU.ActiveCfg = Debug|Any CPU
		{CD6EF509-0150-426A-B350-5777D7D23CC9}.Debug|Any CPU.Build.0 = Debug|Any CPU
		{CD6EF509-0150-426A-B350-5777D7D23CC9}.Debug|x64.ActiveCfg = Debug|x64
		{CD6EF509-0150-426A-B350-5777D7D23CC9}.Debug|x64.Build.0 = Debug|x64
		{CD6EF509-0150-426A-B350-5777D7D23CC9}.Release|Any CPU.ActiveCfg = Release|Any CPU
		{CD6EF509-0150-426A-B350-5777D7D23CC9}.Release|Any CPU.Build.0 = Release|Any CPU
		{CD6EF509-0150-426A-B350-5777D7D23CC9}.Release|x64.ActiveCfg = Release|x64
		{CD6EF509-0150-426A-B350-5777D7D23CC9}.Release|x64.Build.0 = Release|x64
		{CD6EF509-0150-426A-B350-5777D7D23CC9}.WiP|Any CPU.ActiveCfg = Release|Any CPU
		{CD6EF509-0150-426A-B350-5777D7D23CC9}.WiP|Any CPU.Build.0 = Release|Any CPU
		{CD6EF509-0150-426A-B350-5777D7D23CC9}.WiP|x64.ActiveCfg = Release|x64
		{CD6EF509-0150-426A-B350-5777D7D23CC9}.WiP|x64.Build.0 = Release|x64
		{43FE4BDE-2C3D-42AA-9AE8-2027FA7D411A}.Debug|Any CPU.ActiveCfg = Debug|Any CPU
		{43FE4BDE-2C3D-42AA-9AE8-2027FA7D411A}.Debug|Any CPU.Build.0 = Debug|Any CPU
		{43FE4BDE-2C3D-42AA-9AE8-2027FA7D411A}.Debug|x64.ActiveCfg = Debug|x64
		{43FE4BDE-2C3D-42AA-9AE8-2027FA7D411A}.Debug|x64.Build.0 = Debug|x64
		{43FE4BDE-2C3D-42AA-9AE8-2027FA7D411A}.Release|Any CPU.ActiveCfg = Release|Any CPU
		{43FE4BDE-2C3D-42AA-9AE8-2027FA7D411A}.Release|Any CPU.Build.0 = Release|Any CPU
		{43FE4BDE-2C3D-42AA-9AE8-2027FA7D411A}.Release|x64.ActiveCfg = Release|x64
		{43FE4BDE-2C3D-42AA-9AE8-2027FA7D411A}.Release|x64.Build.0 = Release|x64
		{43FE4BDE-2C3D-42AA-9AE8-2027FA7D411A}.WiP|Any CPU.ActiveCfg = Release|Any CPU
		{43FE4BDE-2C3D-42AA-9AE8-2027FA7D411A}.WiP|Any CPU.Build.0 = Release|Any CPU
		{43FE4BDE-2C3D-42AA-9AE8-2027FA7D411A}.WiP|x64.ActiveCfg = Release|x64
		{43FE4BDE-2C3D-42AA-9AE8-2027FA7D411A}.WiP|x64.Build.0 = Release|x64
		{8539A74F-126A-4DDD-AE3B-551F99D7BD16}.Debug|Any CPU.ActiveCfg = Debug|Any CPU
		{8539A74F-126A-4DDD-AE3B-551F99D7BD16}.Debug|Any CPU.Build.0 = Debug|Any CPU
		{8539A74F-126A-4DDD-AE3B-551F99D7BD16}.Debug|x64.ActiveCfg = Debug|x64
		{8539A74F-126A-4DDD-AE3B-551F99D7BD16}.Debug|x64.Build.0 = Debug|x64
		{8539A74F-126A-4DDD-AE3B-551F99D7BD16}.Release|Any CPU.ActiveCfg = Release|Any CPU
		{8539A74F-126A-4DDD-AE3B-551F99D7BD16}.Release|Any CPU.Build.0 = Release|Any CPU
		{8539A74F-126A-4DDD-AE3B-551F99D7BD16}.Release|x64.ActiveCfg = Release|x64
		{8539A74F-126A-4DDD-AE3B-551F99D7BD16}.Release|x64.Build.0 = Release|x64
		{8539A74F-126A-4DDD-AE3B-551F99D7BD16}.WiP|Any CPU.ActiveCfg = Release|Any CPU
		{8539A74F-126A-4DDD-AE3B-551F99D7BD16}.WiP|Any CPU.Build.0 = Release|Any CPU
		{8539A74F-126A-4DDD-AE3B-551F99D7BD16}.WiP|x64.ActiveCfg = Release|x64
		{8539A74F-126A-4DDD-AE3B-551F99D7BD16}.WiP|x64.Build.0 = Release|x64
	EndGlobalSection
	GlobalSection(SolutionProperties) = preSolution
		HideSolutionNode = FALSE
	EndGlobalSection
	GlobalSection(ExtensibilityGlobals) = postSolution
		SolutionGuid = {498F8B5F-CBD9-4A45-B8E9-ADA9C9CF93A7}
	EndGlobalSection
EndGlobal
