
Microsoft Visual Studio Solution File, Format Version 12.00
# Visual Studio 15
VisualStudioVersion = 15.0.26228.4
MinimumVisualStudioVersion = 10.0.40219.1
Project("{F5034706-568F-408A-B7B3-4D38C6DB8A32}") = "API-2018.2-ScriptEditor", "API-2018-ScriptEditor\API-2018.2-ScriptEditor.pssproj", "{8393663C-7089-43FB-96B6-DD957726E6A4}"
EndProject
Project("{F5034706-568F-408A-B7B3-4D38C6DB8A32}") = "API-2019-ScriptEditor", "API-2019-ScriptEditor\API-2019-ScriptEditor.pssproj", "{9A32786D-0115-490F-B53E-8C943FD73644}"
EndProject
Project("{F5034706-568F-408A-B7B3-4D38C6DB8A32}") = "VDS_SnippetsAndTemplates", "VDS_SnippetsAndTemplates\VDS_SnippetsAndTemplates.pssproj", "{6CAFC0C6-A428-4D30-A9F9-700E829FEA51}"
EndProject
Project("{2150E333-8FDC-42A3-9474-1A3956D46DE8}") = "README ETC.", "README ETC.", "{F4A0592A-F834-4152-8E3E-77031E02F8E0}"
	ProjectSection(SolutionItems) = preProject
		Disclaimer.txt = Disclaimer.txt
		README.md = README.md
	EndProjectSection
EndProject
Global
	GlobalSection(SolutionConfigurationPlatforms) = preSolution
		Debug|Any CPU = Debug|Any CPU
		Release|Any CPU = Release|Any CPU
		WiP|Any CPU = WiP|Any CPU
	EndGlobalSection
	GlobalSection(ProjectConfigurationPlatforms) = postSolution
		{8393663C-7089-43FB-96B6-DD957726E6A4}.Debug|Any CPU.ActiveCfg = Debug|Any CPU
		{8393663C-7089-43FB-96B6-DD957726E6A4}.Debug|Any CPU.Build.0 = Debug|Any CPU
		{8393663C-7089-43FB-96B6-DD957726E6A4}.Release|Any CPU.ActiveCfg = Release|Any CPU
		{8393663C-7089-43FB-96B6-DD957726E6A4}.Release|Any CPU.Build.0 = Release|Any CPU
		{8393663C-7089-43FB-96B6-DD957726E6A4}.WiP|Any CPU.ActiveCfg = Release|Any CPU
		{8393663C-7089-43FB-96B6-DD957726E6A4}.WiP|Any CPU.Build.0 = Release|Any CPU
		{9A32786D-0115-490F-B53E-8C943FD73644}.Debug|Any CPU.ActiveCfg = Debug|Any CPU
		{9A32786D-0115-490F-B53E-8C943FD73644}.Debug|Any CPU.Build.0 = Debug|Any CPU
		{9A32786D-0115-490F-B53E-8C943FD73644}.Release|Any CPU.ActiveCfg = Release|Any CPU
		{9A32786D-0115-490F-B53E-8C943FD73644}.Release|Any CPU.Build.0 = Release|Any CPU
		{9A32786D-0115-490F-B53E-8C943FD73644}.WiP|Any CPU.ActiveCfg = Release|Any CPU
		{9A32786D-0115-490F-B53E-8C943FD73644}.WiP|Any CPU.Build.0 = Release|Any CPU
		{6CAFC0C6-A428-4D30-A9F9-700E829FEA51}.Debug|Any CPU.ActiveCfg = Debug|Any CPU
		{6CAFC0C6-A428-4D30-A9F9-700E829FEA51}.Debug|Any CPU.Build.0 = Debug|Any CPU
		{6CAFC0C6-A428-4D30-A9F9-700E829FEA51}.Release|Any CPU.ActiveCfg = Release|Any CPU
		{6CAFC0C6-A428-4D30-A9F9-700E829FEA51}.Release|Any CPU.Build.0 = Release|Any CPU
		{6CAFC0C6-A428-4D30-A9F9-700E829FEA51}.WiP|Any CPU.ActiveCfg = Release|Any CPU
		{6CAFC0C6-A428-4D30-A9F9-700E829FEA51}.WiP|Any CPU.Build.0 = Release|Any CPU
	EndGlobalSection
	GlobalSection(SolutionProperties) = preSolution
		HideSolutionNode = FALSE
	EndGlobalSection
	GlobalSection(ExtensibilityGlobals) = postSolution
		SolutionGuid = {498F8B5F-CBD9-4A45-B8E9-ADA9C9CF93A7}
	EndGlobalSection
EndGlobal
